<?xml version="1.0" encoding="UTF-8"?>
<Scheme
   LastUpgradeVersion = "0930"
   version = "1.3">
   <BuildAction
      parallelizeBuildables = "YES"
      buildImplicitDependencies = "YES">
      <BuildActionEntries>
         <BuildActionEntry
            buildForTesting = "YES"
            buildForRunning = "YES"
            buildForProfiling = "YES"
            buildForArchiving = "YES"
            buildForAnalyzing = "YES">
            <BuildableReference
               BuildableIdentifier = "primary"
               BlueprintIdentifier = "C4270B5B209A4866009DC4DB"
               BuildableName = "Personal-Assistant-Watch.app"
               BlueprintName = "Personal-Assistant-Watch"
               ReferencedContainer = "container:Personal Assistant.xcodeproj">
            </BuildableReference>
         </BuildActionEntry>
         <BuildActionEntry
            buildForTesting = "YES"
            buildForRunning = "YES"
            buildForProfiling = "YES"
            buildForArchiving = "YES"
            buildForAnalyzing = "YES">
            <BuildableReference
               BuildableIdentifier = "primary"
               BlueprintIdentifier = "C4AF45F52049BE1500B9093F"
               BuildableName = "Personal Assistant.app"
               BlueprintName = "Personal Assistant"
               ReferencedContainer = "container:Personal Assistant.xcodeproj">
            </BuildableReference>
         </BuildActionEntry>
      </BuildActionEntries>
   </BuildAction>
   <TestAction
      buildConfiguration = "Debug"
      selectedDebuggerIdentifier = "Xcode.DebuggerFoundation.Debugger.LLDB"
      selectedLauncherIdentifier = "Xcode.DebuggerFoundation.Launcher.LLDB"
      shouldUseLaunchSchemeArgsEnv = "YES">
      <Testables>
      </Testables>
      <MacroExpansion>
         <BuildableReference
            BuildableIdentifier = "primary"
            BlueprintIdentifier = "C4270B5B209A4866009DC4DB"
            BuildableName = "Personal-Assistant-Watch.app"
            BlueprintName = "Personal-Assistant-Watch"
            ReferencedContainer = "container:Personal Assistant.xcodeproj">
         </BuildableReference>
      </MacroExpansion>
      <AdditionalOptions>
      </AdditionalOptions>
   </TestAction>
   <LaunchAction
      buildConfiguration = "Debug"
      selectedDebuggerIdentifier = "Xcode.DebuggerFoundation.Debugger.LLDB"
      selectedLauncherIdentifier = "Xcode.DebuggerFoundation.Launcher.LLDB"
      launchStyle = "0"
      useCustomWorkingDirectory = "NO"
      ignoresPersistentStateOnLaunch = "NO"
      debugDocumentVersioning = "YES"
      debugServiceExtension = "internal"
      allowLocationSimulation = "YES">
      <RemoteRunnable
         runnableDebuggingMode = "2"
         BundleIdentifier = "com.apple.Carousel"
         RemotePath = "/Personal Assistant">
         <BuildableReference
            BuildableIdentifier = "primary"
            BlueprintIdentifier = "C4270B5B209A4866009DC4DB"
            BuildableName = "Personal-Assistant-Watch.app"
            BlueprintName = "Personal-Assistant-Watch"
            ReferencedContainer = "container:Personal Assistant.xcodeproj">
         </BuildableReference>
      </RemoteRunnable>
      <MacroExpansion>
         <BuildableReference
            BuildableIdentifier = "primary"
            BlueprintIdentifier = "C4270B5B209A4866009DC4DB"
            BuildableName = "Personal-Assistant-Watch.app"
            BlueprintName = "Personal-Assistant-Watch"
            ReferencedContainer = "container:Personal Assistant.xcodeproj">
         </BuildableReference>
      </MacroExpansion>
      <AdditionalOptions>
      </AdditionalOptions>
   </LaunchAction>
   <ProfileAction
      buildConfiguration = "Release"
      shouldUseLaunchSchemeArgsEnv = "YES"
      savedToolIdentifier = ""
      useCustomWorkingDirectory = "NO"
      debugDocumentVersioning = "YES">
      <RemoteRunnable
         runnableDebuggingMode = "2"
         BundleIdentifier = "com.apple.Carousel"
         RemotePath = "/Personal Assistant">
         <BuildableReference
            BuildableIdentifier = "primary"
            BlueprintIdentifier = "C4270B5B209A4866009DC4DB"
            BuildableName = "Personal-Assistant-Watch.app"
            BlueprintName = "Personal-Assistant-Watch"
            ReferencedContainer = "container:Personal Assistant.xcodeproj">
         </BuildableReference>
      </RemoteRunnable>
      <MacroExpansion>
         <BuildableReference
            BuildableIdentifier = "primary"
            BlueprintIdentifier = "C4270B5B209A4866009DC4DB"
            BuildableName = "Personal-Assistant-Watch.app"
            BlueprintName = "Personal-Assistant-Watch"
            ReferencedContainer = "container:Personal Assistant.xcodeproj">
         </BuildableReference>
      </MacroExpansion>
   </ProfileAction>
   <AnalyzeAction
      buildConfiguration = "Debug">
   </AnalyzeAction>
   <ArchiveAction
      buildConfiguration = "Release"
      revealArchiveInOrganizer = "YES">
   </ArchiveAction>
</Scheme>
