// !$*UTF8*$!
{
	archiveVersion = 1;
	classes = {
	};
	objectVersion = 48;
	objects = {

/* Begin PBXBuildFile section */
		726736F3F0120AA44F91070A /* Pods_Personal_AssistantUITests.framework in Frameworks */ = {isa = PBXBuildFile; fileRef = 1CA4C7160BEF7D70E114D560 /* Pods_Personal_AssistantUITests.framework */; };
		80E1117A1F2CA71E87E8350F /* Pods_Personal_Assistant.framework in Frameworks */ = {isa = PBXBuildFile; fileRef = 736DF1855B2F5840B0621220 /* Pods_Personal_Assistant.framework */; };
		91611DE8BAE4CA57FD941D03 /* Pods_Personal_AssistantTests.framework in Frameworks */ = {isa = PBXBuildFile; fileRef = 04C8DF978E11686979D0A5E3 /* Pods_Personal_AssistantTests.framework */; };
		C4254B04207E97F500807AF4 /* Weather.swift in Sources */ = {isa = PBXBuildFile; fileRef = C4254B03207E97F500807AF4 /* Weather.swift */; };
		C4254B062084E4E500807AF4 /* Map.swift in Sources */ = {isa = PBXBuildFile; fileRef = C4254B052084E4E500807AF4 /* Map.swift */; };
		C4270B60209A4866009DC4DB /* Interface.storyboard in Resources */ = {isa = PBXBuildFile; fileRef = C4270B5E209A4866009DC4DB /* Interface.storyboard */; };
		C4270B62209A4866009DC4DB /* Assets.xcassets in Resources */ = {isa = PBXBuildFile; fileRef = C4270B61209A4866009DC4DB /* Assets.xcassets */; };
		C4270B69209A4866009DC4DB /* Personal-Assistant-Watch Extension.appex in Embed App Extensions */ = {isa = PBXBuildFile; fileRef = C4270B68209A4866009DC4DB /* Personal-Assistant-Watch Extension.appex */; settings = {ATTRIBUTES = (RemoveHeadersOnCopy, ); }; };
		C4270B6E209A4866009DC4DB /* InterfaceController.swift in Sources */ = {isa = PBXBuildFile; fileRef = C4270B6D209A4866009DC4DB /* InterfaceController.swift */; };
		C4270B70209A4866009DC4DB /* ExtensionDelegate.swift in Sources */ = {isa = PBXBuildFile; fileRef = C4270B6F209A4866009DC4DB /* ExtensionDelegate.swift */; };
		C4270B74209A4866009DC4DB /* Assets.xcassets in Resources */ = {isa = PBXBuildFile; fileRef = C4270B73209A4866009DC4DB /* Assets.xcassets */; };
		C4270B79209A4866009DC4DB /* Personal-Assistant-Watch.app in Embed Watch Content */ = {isa = PBXBuildFile; fileRef = C4270B5C209A4866009DC4DB /* Personal-Assistant-Watch.app */; };
		C42BF3422097664300E02910 /* WeatherTableViewCell.swift in Sources */ = {isa = PBXBuildFile; fileRef = C42BF3412097664300E02910 /* WeatherTableViewCell.swift */; };
		C45426E0208781550052B531 /* Youtube.swift in Sources */ = {isa = PBXBuildFile; fileRef = C45426DF208781550052B531 /* Youtube.swift */; };
		C4764E4720921C120000E8E3 /* CustomCellTableViewCell.swift in Sources */ = {isa = PBXBuildFile; fileRef = C4764E4620921C120000E8E3 /* CustomCellTableViewCell.swift */; };
		C481A5C32099FBE7004DEFA5 /* Make_a_list.swift in Sources */ = {isa = PBXBuildFile; fileRef = C481A5C22099FBE7004DEFA5 /* Make_a_list.swift */; };
		C481A5C5209A0D34004DEFA5 /* Listdata.swift in Sources */ = {isa = PBXBuildFile; fileRef = C481A5C4209A0D34004DEFA5 /* Listdata.swift */; };
		C481A5C7209A424E004DEFA5 /* watchcontact.swift in Sources */ = {isa = PBXBuildFile; fileRef = C481A5C6209A424E004DEFA5 /* watchcontact.swift */; };
		C4AF45FA2049BE1500B9093F /* AppDelegate.swift in Sources */ = {isa = PBXBuildFile; fileRef = C4AF45F92049BE1500B9093F /* AppDelegate.swift */; };
		C4AF45FF2049BE1600B9093F /* Main.storyboard in Resources */ = {isa = PBXBuildFile; fileRef = C4AF45FD2049BE1600B9093F /* Main.storyboard */; };
		C4AF46012049BE1600B9093F /* Assets.xcassets in Resources */ = {isa = PBXBuildFile; fileRef = C4AF46002049BE1600B9093F /* Assets.xcassets */; };
		C4AF46042049BE1600B9093F /* LaunchScreen.storyboard in Resources */ = {isa = PBXBuildFile; fileRef = C4AF46022049BE1600B9093F /* LaunchScreen.storyboard */; };
		C4AF460F2049BE1600B9093F /* Personal_AssistantTests.swift in Sources */ = {isa = PBXBuildFile; fileRef = C4AF460E2049BE1600B9093F /* Personal_AssistantTests.swift */; };
		C4AF461A2049BE1600B9093F /* Personal_AssistantUITests.swift in Sources */ = {isa = PBXBuildFile; fileRef = C4AF46192049BE1600B9093F /* Personal_AssistantUITests.swift */; };
		C4AF462A2049C05E00B9093F /* Login.swift in Sources */ = {isa = PBXBuildFile; fileRef = C4AF46292049C05E00B9093F /* Login.swift */; };
		C4AF462E2049C2F700B9093F /* HomePage.swift in Sources */ = {isa = PBXBuildFile; fileRef = C4AF462D2049C2F700B9093F /* HomePage.swift */; };
		C4CAD9592049E3A7007CC517 /* AlertController.swift in Sources */ = {isa = PBXBuildFile; fileRef = C4CAD9582049E3A7007CC517 /* AlertController.swift */; };
		C4DABCD0208F780700ED146C /* Search.swift in Sources */ = {isa = PBXBuildFile; fileRef = C4DABCCF208F780700ED146C /* Search.swift */; };
		C4DABCD2208FA42500ED146C /* Servercalls.swift in Sources */ = {isa = PBXBuildFile; fileRef = C4DABCD1208FA42500ED146C /* Servercalls.swift */; };
		EDCE033920A1EF8700DD7F91 /* GoogleService-Info.plist in Resources */ = {isa = PBXBuildFile; fileRef = EDCE033820A1EF8700DD7F91 /* GoogleService-Info.plist */; };
		EDCE033A20A1EF8700DD7F91 /* GoogleService-Info.plist in Resources */ = {isa = PBXBuildFile; fileRef = EDCE033820A1EF8700DD7F91 /* GoogleService-Info.plist */; };
		EDCE033B20A1EF8700DD7F91 /* GoogleService-Info.plist in Resources */ = {isa = PBXBuildFile; fileRef = EDCE033820A1EF8700DD7F91 /* GoogleService-Info.plist */; };
		EDCE03A720A4845800DD7F91 /* WeatherRowController.swift in Sources */ = {isa = PBXBuildFile; fileRef = EDCE03A620A4845800DD7F91 /* WeatherRowController.swift */; };
		EDCE03A920A486E100DD7F91 /* Weather_IC.swift in Sources */ = {isa = PBXBuildFile; fileRef = EDCE03A820A486E100DD7F91 /* Weather_IC.swift */; };
/* End PBXBuildFile section */

/* Begin PBXContainerItemProxy section */
		C4270B6A209A4866009DC4DB /* PBXContainerItemProxy */ = {
			isa = PBXContainerItemProxy;
			containerPortal = C4AF45EE2049BE1500B9093F /* Project object */;
			proxyType = 1;
			remoteGlobalIDString = C4270B67209A4866009DC4DB;
			remoteInfo = "Personal-Assistant-Watch Extension";
		};
		C4270B77209A4866009DC4DB /* PBXContainerItemProxy */ = {
			isa = PBXContainerItemProxy;
			containerPortal = C4AF45EE2049BE1500B9093F /* Project object */;
			proxyType = 1;
			remoteGlobalIDString = C4270B5B209A4866009DC4DB;
			remoteInfo = "Personal-Assistant-Watch";
		};
		C4AF460B2049BE1600B9093F /* PBXContainerItemProxy */ = {
			isa = PBXContainerItemProxy;
			containerPortal = C4AF45EE2049BE1500B9093F /* Project object */;
			proxyType = 1;
			remoteGlobalIDString = C4AF45F52049BE1500B9093F;
			remoteInfo = "Personal Assistant";
		};
		C4AF46162049BE1600B9093F /* PBXContainerItemProxy */ = {
			isa = PBXContainerItemProxy;
			containerPortal = C4AF45EE2049BE1500B9093F /* Project object */;
			proxyType = 1;
			remoteGlobalIDString = C4AF45F52049BE1500B9093F;
			remoteInfo = "Personal Assistant";
		};
/* End PBXContainerItemProxy section */

/* Begin PBXCopyFilesBuildPhase section */
		C4270B7D209A4866009DC4DB /* Embed App Extensions */ = {
			isa = PBXCopyFilesBuildPhase;
			buildActionMask = 2147483647;
			dstPath = "";
			dstSubfolderSpec = 13;
			files = (
				C4270B69209A4866009DC4DB /* Personal-Assistant-Watch Extension.appex in Embed App Extensions */,
			);
			name = "Embed App Extensions";
			runOnlyForDeploymentPostprocessing = 0;
		};
		C4270B81209A4866009DC4DB /* Embed Watch Content */ = {
			isa = PBXCopyFilesBuildPhase;
			buildActionMask = 2147483647;
			dstPath = "$(CONTENTS_FOLDER_PATH)/Watch";
			dstSubfolderSpec = 16;
			files = (
				C4270B79209A4866009DC4DB /* Personal-Assistant-Watch.app in Embed Watch Content */,
			);
			name = "Embed Watch Content";
			runOnlyForDeploymentPostprocessing = 0;
		};
/* End PBXCopyFilesBuildPhase section */

/* Begin PBXFileReference section */
		04C8DF978E11686979D0A5E3 /* Pods_Personal_AssistantTests.framework */ = {isa = PBXFileReference; explicitFileType = wrapper.framework; includeInIndex = 0; path = Pods_Personal_AssistantTests.framework; sourceTree = BUILT_PRODUCTS_DIR; };
		1CA4C7160BEF7D70E114D560 /* Pods_Personal_AssistantUITests.framework */ = {isa = PBXFileReference; explicitFileType = wrapper.framework; includeInIndex = 0; path = Pods_Personal_AssistantUITests.framework; sourceTree = BUILT_PRODUCTS_DIR; };
		2F3F1351A420488E4162FB6A /* Pods-Personal AssistantTests.debug.xcconfig */ = {isa = PBXFileReference; includeInIndex = 1; lastKnownFileType = text.xcconfig; name = "Pods-Personal AssistantTests.debug.xcconfig"; path = "Pods/Target Support Files/Pods-Personal AssistantTests/Pods-Personal AssistantTests.debug.xcconfig"; sourceTree = "<group>"; };
		4265F3FD9592ABED40CDD1D6 /* Pods-Personal Assistant.release.xcconfig */ = {isa = PBXFileReference; includeInIndex = 1; lastKnownFileType = text.xcconfig; name = "Pods-Personal Assistant.release.xcconfig"; path = "Pods/Target Support Files/Pods-Personal Assistant/Pods-Personal Assistant.release.xcconfig"; sourceTree = "<group>"; };
		736DF1855B2F5840B0621220 /* Pods_Personal_Assistant.framework */ = {isa = PBXFileReference; explicitFileType = wrapper.framework; includeInIndex = 0; path = Pods_Personal_Assistant.framework; sourceTree = BUILT_PRODUCTS_DIR; };
		966DD512BBEAF57EF1CDCF60 /* Pods-Personal AssistantUITests.debug.xcconfig */ = {isa = PBXFileReference; includeInIndex = 1; lastKnownFileType = text.xcconfig; name = "Pods-Personal AssistantUITests.debug.xcconfig"; path = "Pods/Target Support Files/Pods-Personal AssistantUITests/Pods-Personal AssistantUITests.debug.xcconfig"; sourceTree = "<group>"; };
		9828BEE8EEBF92043151B30A /* Pods-Personal AssistantUITests.release.xcconfig */ = {isa = PBXFileReference; includeInIndex = 1; lastKnownFileType = text.xcconfig; name = "Pods-Personal AssistantUITests.release.xcconfig"; path = "Pods/Target Support Files/Pods-Personal AssistantUITests/Pods-Personal AssistantUITests.release.xcconfig"; sourceTree = "<group>"; };
		C4254B03207E97F500807AF4 /* Weather.swift */ = {isa = PBXFileReference; lastKnownFileType = sourcecode.swift; path = Weather.swift; sourceTree = "<group>"; };
		C4254B052084E4E500807AF4 /* Map.swift */ = {isa = PBXFileReference; lastKnownFileType = sourcecode.swift; path = Map.swift; sourceTree = "<group>"; };
		C4270B5C209A4866009DC4DB /* Personal-Assistant-Watch.app */ = {isa = PBXFileReference; explicitFileType = wrapper.application; includeInIndex = 0; path = "Personal-Assistant-Watch.app"; sourceTree = BUILT_PRODUCTS_DIR; };
		C4270B5F209A4866009DC4DB /* Base */ = {isa = PBXFileReference; lastKnownFileType = file.storyboard; name = Base; path = Base.lproj/Interface.storyboard; sourceTree = "<group>"; };
		C4270B61209A4866009DC4DB /* Assets.xcassets */ = {isa = PBXFileReference; lastKnownFileType = folder.assetcatalog; path = Assets.xcassets; sourceTree = "<group>"; };
		C4270B63209A4866009DC4DB /* Info.plist */ = {isa = PBXFileReference; lastKnownFileType = text.plist.xml; path = Info.plist; sourceTree = "<group>"; };
		C4270B68209A4866009DC4DB /* Personal-Assistant-Watch Extension.appex */ = {isa = PBXFileReference; explicitFileType = "wrapper.app-extension"; includeInIndex = 0; path = "Personal-Assistant-Watch Extension.appex"; sourceTree = BUILT_PRODUCTS_DIR; };
		C4270B6D209A4866009DC4DB /* InterfaceController.swift */ = {isa = PBXFileReference; lastKnownFileType = sourcecode.swift; path = InterfaceController.swift; sourceTree = "<group>"; };
		C4270B6F209A4866009DC4DB /* ExtensionDelegate.swift */ = {isa = PBXFileReference; lastKnownFileType = sourcecode.swift; path = ExtensionDelegate.swift; sourceTree = "<group>"; };
		C4270B73209A4866009DC4DB /* Assets.xcassets */ = {isa = PBXFileReference; lastKnownFileType = folder.assetcatalog; path = Assets.xcassets; sourceTree = "<group>"; };
		C4270B75209A4866009DC4DB /* Info.plist */ = {isa = PBXFileReference; lastKnownFileType = text.plist.xml; path = Info.plist; sourceTree = "<group>"; };
		C4270B76209A4866009DC4DB /* PushNotificationPayload.apns */ = {isa = PBXFileReference; lastKnownFileType = text; path = PushNotificationPayload.apns; sourceTree = "<group>"; };
		C42BF3412097664300E02910 /* WeatherTableViewCell.swift */ = {isa = PBXFileReference; lastKnownFileType = sourcecode.swift; path = WeatherTableViewCell.swift; sourceTree = "<group>"; };
		C45426DF208781550052B531 /* Youtube.swift */ = {isa = PBXFileReference; lastKnownFileType = sourcecode.swift; path = Youtube.swift; sourceTree = "<group>"; };
		C4764E4620921C120000E8E3 /* CustomCellTableViewCell.swift */ = {isa = PBXFileReference; lastKnownFileType = sourcecode.swift; path = CustomCellTableViewCell.swift; sourceTree = "<group>"; };
		C481A5C22099FBE7004DEFA5 /* Make_a_list.swift */ = {isa = PBXFileReference; lastKnownFileType = sourcecode.swift; path = Make_a_list.swift; sourceTree = "<group>"; };
		C481A5C4209A0D34004DEFA5 /* Listdata.swift */ = {isa = PBXFileReference; lastKnownFileType = sourcecode.swift; path = Listdata.swift; sourceTree = "<group>"; };
		C481A5C6209A424E004DEFA5 /* watchcontact.swift */ = {isa = PBXFileReference; lastKnownFileType = sourcecode.swift; path = watchcontact.swift; sourceTree = "<group>"; };
		C4AF45F62049BE1500B9093F /* Personal Assistant.app */ = {isa = PBXFileReference; explicitFileType = wrapper.application; includeInIndex = 0; path = "Personal Assistant.app"; sourceTree = BUILT_PRODUCTS_DIR; };
		C4AF45F92049BE1500B9093F /* AppDelegate.swift */ = {isa = PBXFileReference; lastKnownFileType = sourcecode.swift; path = AppDelegate.swift; sourceTree = "<group>"; };
		C4AF45FE2049BE1600B9093F /* Base */ = {isa = PBXFileReference; lastKnownFileType = file.storyboard; name = Base; path = Base.lproj/Main.storyboard; sourceTree = "<group>"; };
		C4AF46002049BE1600B9093F /* Assets.xcassets */ = {isa = PBXFileReference; lastKnownFileType = folder.assetcatalog; path = Assets.xcassets; sourceTree = "<group>"; };
		C4AF46032049BE1600B9093F /* Base */ = {isa = PBXFileReference; lastKnownFileType = file.storyboard; name = Base; path = Base.lproj/LaunchScreen.storyboard; sourceTree = "<group>"; };
		C4AF46052049BE1600B9093F /* Info.plist */ = {isa = PBXFileReference; lastKnownFileType = text.plist.xml; path = Info.plist; sourceTree = "<group>"; };
		C4AF460A2049BE1600B9093F /* Personal AssistantTests.xctest */ = {isa = PBXFileReference; explicitFileType = wrapper.cfbundle; includeInIndex = 0; path = "Personal AssistantTests.xctest"; sourceTree = BUILT_PRODUCTS_DIR; };
		C4AF460E2049BE1600B9093F /* Personal_AssistantTests.swift */ = {isa = PBXFileReference; lastKnownFileType = sourcecode.swift; path = Personal_AssistantTests.swift; sourceTree = "<group>"; };
		C4AF46102049BE1600B9093F /* Info.plist */ = {isa = PBXFileReference; lastKnownFileType = text.plist.xml; path = Info.plist; sourceTree = "<group>"; };
		C4AF46152049BE1600B9093F /* Personal AssistantUITests.xctest */ = {isa = PBXFileReference; explicitFileType = wrapper.cfbundle; includeInIndex = 0; path = "Personal AssistantUITests.xctest"; sourceTree = BUILT_PRODUCTS_DIR; };
		C4AF46192049BE1600B9093F /* Personal_AssistantUITests.swift */ = {isa = PBXFileReference; lastKnownFileType = sourcecode.swift; path = Personal_AssistantUITests.swift; sourceTree = "<group>"; };
		C4AF461B2049BE1600B9093F /* Info.plist */ = {isa = PBXFileReference; lastKnownFileType = text.plist.xml; path = Info.plist; sourceTree = "<group>"; };
		C4AF46292049C05E00B9093F /* Login.swift */ = {isa = PBXFileReference; lastKnownFileType = sourcecode.swift; path = Login.swift; sourceTree = "<group>"; };
		C4AF462D2049C2F700B9093F /* HomePage.swift */ = {isa = PBXFileReference; lastKnownFileType = sourcecode.swift; path = HomePage.swift; sourceTree = "<group>"; };
		C4CAD9582049E3A7007CC517 /* AlertController.swift */ = {isa = PBXFileReference; lastKnownFileType = sourcecode.swift; path = AlertController.swift; sourceTree = "<group>"; };
		C4DABCCF208F780700ED146C /* Search.swift */ = {isa = PBXFileReference; lastKnownFileType = sourcecode.swift; path = Search.swift; sourceTree = "<group>"; };
		C4DABCD1208FA42500ED146C /* Servercalls.swift */ = {isa = PBXFileReference; lastKnownFileType = sourcecode.swift; path = Servercalls.swift; sourceTree = "<group>"; };
		C63BBCC3F0C93F0639D91A7D /* Pods-Personal AssistantTests.release.xcconfig */ = {isa = PBXFileReference; includeInIndex = 1; lastKnownFileType = text.xcconfig; name = "Pods-Personal AssistantTests.release.xcconfig"; path = "Pods/Target Support Files/Pods-Personal AssistantTests/Pods-Personal AssistantTests.release.xcconfig"; sourceTree = "<group>"; };
		EDCE033820A1EF8700DD7F91 /* GoogleService-Info.plist */ = {isa = PBXFileReference; fileEncoding = 4; lastKnownFileType = text.plist.xml; path = "GoogleService-Info.plist"; sourceTree = "<group>"; };
		EDCE03A620A4845800DD7F91 /* WeatherRowController.swift */ = {isa = PBXFileReference; lastKnownFileType = sourcecode.swift; path = WeatherRowController.swift; sourceTree = "<group>"; };
		EDCE03A820A486E100DD7F91 /* Weather_IC.swift */ = {isa = PBXFileReference; lastKnownFileType = sourcecode.swift; path = Weather_IC.swift; sourceTree = "<group>"; };
		F238866AC6DDCC665FA8BA8A /* Pods-Personal Assistant.debug.xcconfig */ = {isa = PBXFileReference; includeInIndex = 1; lastKnownFileType = text.xcconfig; name = "Pods-Personal Assistant.debug.xcconfig"; path = "Pods/Target Support Files/Pods-Personal Assistant/Pods-Personal Assistant.debug.xcconfig"; sourceTree = "<group>"; };
/* End PBXFileReference section */

/* Begin PBXFrameworksBuildPhase section */
		BC26B1843794EA01139584D9 /* Frameworks */ = {
			isa = PBXFrameworksBuildPhase;
			buildActionMask = 2147483647;
			files = (
			);
			runOnlyForDeploymentPostprocessing = 0;
		};
		C4270B65209A4866009DC4DB /* Frameworks */ = {
			isa = PBXFrameworksBuildPhase;
			buildActionMask = 2147483647;
			files = (
			);
			runOnlyForDeploymentPostprocessing = 0;
		};
		C4AF45F32049BE1500B9093F /* Frameworks */ = {
			isa = PBXFrameworksBuildPhase;
			buildActionMask = 2147483647;
			files = (
				80E1117A1F2CA71E87E8350F /* Pods_Personal_Assistant.framework in Frameworks */,
			);
			runOnlyForDeploymentPostprocessing = 0;
		};
		C4AF46072049BE1600B9093F /* Frameworks */ = {
			isa = PBXFrameworksBuildPhase;
			buildActionMask = 2147483647;
			files = (
				91611DE8BAE4CA57FD941D03 /* Pods_Personal_AssistantTests.framework in Frameworks */,
			);
			runOnlyForDeploymentPostprocessing = 0;
		};
		C4AF46122049BE1600B9093F /* Frameworks */ = {
			isa = PBXFrameworksBuildPhase;
			buildActionMask = 2147483647;
			files = (
				726736F3F0120AA44F91070A /* Pods_Personal_AssistantUITests.framework in Frameworks */,
			);
			runOnlyForDeploymentPostprocessing = 0;
		};
/* End PBXFrameworksBuildPhase section */

/* Begin PBXGroup section */
		5DEA0F7CC7B5606E13099B0F /* Pods */ = {
			isa = PBXGroup;
			children = (
				F238866AC6DDCC665FA8BA8A /* Pods-Personal Assistant.debug.xcconfig */,
				4265F3FD9592ABED40CDD1D6 /* Pods-Personal Assistant.release.xcconfig */,
				2F3F1351A420488E4162FB6A /* Pods-Personal AssistantTests.debug.xcconfig */,
				C63BBCC3F0C93F0639D91A7D /* Pods-Personal AssistantTests.release.xcconfig */,
				966DD512BBEAF57EF1CDCF60 /* Pods-Personal AssistantUITests.debug.xcconfig */,
				9828BEE8EEBF92043151B30A /* Pods-Personal AssistantUITests.release.xcconfig */,
			);
			name = Pods;
			sourceTree = "<group>";
		};
		C4270B5D209A4866009DC4DB /* Personal-Assistant-Watch */ = {
			isa = PBXGroup;
			children = (
				C4270B5E209A4866009DC4DB /* Interface.storyboard */,
				C4270B61209A4866009DC4DB /* Assets.xcassets */,
				C4270B63209A4866009DC4DB /* Info.plist */,
			);
			path = "Personal-Assistant-Watch";
			sourceTree = "<group>";
		};
		C4270B6C209A4866009DC4DB /* Personal-Assistant-Watch Extension */ = {
			isa = PBXGroup;
			children = (
				C4270B6D209A4866009DC4DB /* InterfaceController.swift */,
				C4270B6F209A4866009DC4DB /* ExtensionDelegate.swift */,
				C4270B73209A4866009DC4DB /* Assets.xcassets */,
				C4270B75209A4866009DC4DB /* Info.plist */,
				C4270B76209A4866009DC4DB /* PushNotificationPayload.apns */,
				EDCE03A620A4845800DD7F91 /* WeatherRowController.swift */,
				EDCE03A820A486E100DD7F91 /* Weather_IC.swift */,
			);
			path = "Personal-Assistant-Watch Extension";
			sourceTree = "<group>";
		};
		C4AF45ED2049BE1500B9093F = {
			isa = PBXGroup;
			children = (
				C4AF45F82049BE1500B9093F /* Personal Assistant */,
				C4AF460D2049BE1600B9093F /* Personal AssistantTests */,
				C4AF46182049BE1600B9093F /* Personal AssistantUITests */,
				C4270B5D209A4866009DC4DB /* Personal-Assistant-Watch */,
				C4270B6C209A4866009DC4DB /* Personal-Assistant-Watch Extension */,
				C4AF45F72049BE1500B9093F /* Products */,
				5DEA0F7CC7B5606E13099B0F /* Pods */,
				DE94A9D74DBF0EB5966F40D1 /* Frameworks */,
			);
			sourceTree = "<group>";
		};
		C4AF45F72049BE1500B9093F /* Products */ = {
			isa = PBXGroup;
			children = (
				C4AF45F62049BE1500B9093F /* Personal Assistant.app */,
				C4AF460A2049BE1600B9093F /* Personal AssistantTests.xctest */,
				C4AF46152049BE1600B9093F /* Personal AssistantUITests.xctest */,
				C4270B5C209A4866009DC4DB /* Personal-Assistant-Watch.app */,
				C4270B68209A4866009DC4DB /* Personal-Assistant-Watch Extension.appex */,
			);
			name = Products;
			sourceTree = "<group>";
		};
		C4AF45F82049BE1500B9093F /* Personal Assistant */ = {
			isa = PBXGroup;
			children = (
				C4AF46002049BE1600B9093F /* Assets.xcassets */,
				C4AF45F92049BE1500B9093F /* AppDelegate.swift */,
				C4CAD9582049E3A7007CC517 /* AlertController.swift */,
				C4AF45FD2049BE1600B9093F /* Main.storyboard */,
				C45426DF208781550052B531 /* Youtube.swift */,
				C4AF46022049BE1600B9093F /* LaunchScreen.storyboard */,
				C4AF46052049BE1600B9093F /* Info.plist */,
				EDCE033820A1EF8700DD7F91 /* GoogleService-Info.plist */,
				C4AF46292049C05E00B9093F /* Login.swift */,
				C4AF462D2049C2F700B9093F /* HomePage.swift */,
				C4254B03207E97F500807AF4 /* Weather.swift */,
				C4254B052084E4E500807AF4 /* Map.swift */,
				C4DABCCF208F780700ED146C /* Search.swift */,
				C4DABCD1208FA42500ED146C /* Servercalls.swift */,
				C4764E4620921C120000E8E3 /* CustomCellTableViewCell.swift */,
				C42BF3412097664300E02910 /* WeatherTableViewCell.swift */,
				C481A5C22099FBE7004DEFA5 /* Make_a_list.swift */,
				C481A5C4209A0D34004DEFA5 /* Listdata.swift */,
				C481A5C6209A424E004DEFA5 /* watchcontact.swift */,
			);
			path = "Personal Assistant";
			sourceTree = "<group>";
		};
		C4AF460D2049BE1600B9093F /* Personal AssistantTests */ = {
			isa = PBXGroup;
			children = (
				C4AF460E2049BE1600B9093F /* Personal_AssistantTests.swift */,
				C4AF46102049BE1600B9093F /* Info.plist */,
			);
			path = "Personal AssistantTests";
			sourceTree = "<group>";
		};
		C4AF46182049BE1600B9093F /* Personal AssistantUITests */ = {
			isa = PBXGroup;
			children = (
				C4AF46192049BE1600B9093F /* Personal_AssistantUITests.swift */,
				C4AF461B2049BE1600B9093F /* Info.plist */,
			);
			path = "Personal AssistantUITests";
			sourceTree = "<group>";
		};
		DE94A9D74DBF0EB5966F40D1 /* Frameworks */ = {
			isa = PBXGroup;
			children = (
				736DF1855B2F5840B0621220 /* Pods_Personal_Assistant.framework */,
				04C8DF978E11686979D0A5E3 /* Pods_Personal_AssistantTests.framework */,
				1CA4C7160BEF7D70E114D560 /* Pods_Personal_AssistantUITests.framework */,
			);
			name = Frameworks;
			sourceTree = "<group>";
		};
/* End PBXGroup section */

/* Begin PBXNativeTarget section */
		C4270B5B209A4866009DC4DB /* Personal-Assistant-Watch */ = {
			isa = PBXNativeTarget;
			buildConfigurationList = C4270B7E209A4866009DC4DB /* Build configuration list for PBXNativeTarget "Personal-Assistant-Watch" */;
			buildPhases = (
				C4270B5A209A4866009DC4DB /* Resources */,
				C4270B7D209A4866009DC4DB /* Embed App Extensions */,
				BC26B1843794EA01139584D9 /* Frameworks */,
			);
			buildRules = (
			);
			dependencies = (
				C4270B6B209A4866009DC4DB /* PBXTargetDependency */,
			);
			name = "Personal-Assistant-Watch";
			productName = "Personal-Assistant-Watch";
			productReference = C4270B5C209A4866009DC4DB /* Personal-Assistant-Watch.app */;
			productType = "com.apple.product-type.application.watchapp2";
		};
		C4270B67209A4866009DC4DB /* Personal-Assistant-Watch Extension */ = {
			isa = PBXNativeTarget;
			buildConfigurationList = C4270B7A209A4866009DC4DB /* Build configuration list for PBXNativeTarget "Personal-Assistant-Watch Extension" */;
			buildPhases = (
				C4270B64209A4866009DC4DB /* Sources */,
				C4270B65209A4866009DC4DB /* Frameworks */,
				C4270B66209A4866009DC4DB /* Resources */,
			);
			buildRules = (
			);
			dependencies = (
			);
			name = "Personal-Assistant-Watch Extension";
			productName = "Personal-Assistant-Watch Extension";
			productReference = C4270B68209A4866009DC4DB /* Personal-Assistant-Watch Extension.appex */;
			productType = "com.apple.product-type.watchkit2-extension";
		};
		C4AF45F52049BE1500B9093F /* Personal Assistant */ = {
			isa = PBXNativeTarget;
			buildConfigurationList = C4AF461E2049BE1600B9093F /* Build configuration list for PBXNativeTarget "Personal Assistant" */;
			buildPhases = (
				7283B91E7F49DC71B7C88F47 /* [CP] Check Pods Manifest.lock */,
				C4AF45F22049BE1500B9093F /* Sources */,
				C4AF45F32049BE1500B9093F /* Frameworks */,
				C4AF45F42049BE1500B9093F /* Resources */,
				C4270B81209A4866009DC4DB /* Embed Watch Content */,
				39686FF75E9416D399B3EEF5 /* [CP] Embed Pods Frameworks */,
				E9892A56AA60F58DAD953DED /* [CP] Copy Pods Resources */,
			);
			buildRules = (
			);
			dependencies = (
				C4270B78209A4866009DC4DB /* PBXTargetDependency */,
			);
			name = "Personal Assistant";
			productName = "Personal Assistant";
			productReference = C4AF45F62049BE1500B9093F /* Personal Assistant.app */;
			productType = "com.apple.product-type.application";
		};
		C4AF46092049BE1600B9093F /* Personal AssistantTests */ = {
			isa = PBXNativeTarget;
			buildConfigurationList = C4AF46212049BE1600B9093F /* Build configuration list for PBXNativeTarget "Personal AssistantTests" */;
			buildPhases = (
				3C4BE323F3FBA076E4066E2D /* [CP] Check Pods Manifest.lock */,
				C4AF46062049BE1600B9093F /* Sources */,
				C4AF46072049BE1600B9093F /* Frameworks */,
				C4AF46082049BE1600B9093F /* Resources */,
				D6BC7F25B7220DEB2069ABF7 /* [CP] Embed Pods Frameworks */,
				5DC2560FFCCAB0205936ED3C /* [CP] Copy Pods Resources */,
			);
			buildRules = (
			);
			dependencies = (
				C4AF460C2049BE1600B9093F /* PBXTargetDependency */,
			);
			name = "Personal AssistantTests";
			productName = "Personal AssistantTests";
			productReference = C4AF460A2049BE1600B9093F /* Personal AssistantTests.xctest */;
			productType = "com.apple.product-type.bundle.unit-test";
		};
		C4AF46142049BE1600B9093F /* Personal AssistantUITests */ = {
			isa = PBXNativeTarget;
			buildConfigurationList = C4AF46242049BE1600B9093F /* Build configuration list for PBXNativeTarget "Personal AssistantUITests" */;
			buildPhases = (
				75BBF6A183817FC1542A4C23 /* [CP] Check Pods Manifest.lock */,
				C4AF46112049BE1600B9093F /* Sources */,
				C4AF46122049BE1600B9093F /* Frameworks */,
				C4AF46132049BE1600B9093F /* Resources */,
				7E5FC493F8711D6B8CE78D85 /* [CP] Embed Pods Frameworks */,
				7CD5D02AE1BABDF7A2A90F8D /* [CP] Copy Pods Resources */,
			);
			buildRules = (
			);
			dependencies = (
				C4AF46172049BE1600B9093F /* PBXTargetDependency */,
			);
			name = "Personal AssistantUITests";
			productName = "Personal AssistantUITests";
			productReference = C4AF46152049BE1600B9093F /* Personal AssistantUITests.xctest */;
			productType = "com.apple.product-type.bundle.ui-testing";
		};
/* End PBXNativeTarget section */

/* Begin PBXProject section */
		C4AF45EE2049BE1500B9093F /* Project object */ = {
			isa = PBXProject;
			attributes = {
				LastSwiftUpdateCheck = 0920;
				LastUpgradeCheck = 0910;
				ORGANIZATIONNAME = "Final-Project";
				TargetAttributes = {
					C4270B5B209A4866009DC4DB = {
						CreatedOnToolsVersion = 9.2;
						ProvisioningStyle = Automatic;
					};
					C4270B67209A4866009DC4DB = {
						CreatedOnToolsVersion = 9.2;
						ProvisioningStyle = Automatic;
					};
					C4AF45F52049BE1500B9093F = {
						CreatedOnToolsVersion = 9.1;
						ProvisioningStyle = Manual;
					};
					C4AF46092049BE1600B9093F = {
						CreatedOnToolsVersion = 9.1;
						ProvisioningStyle = Automatic;
						TestTargetID = C4AF45F52049BE1500B9093F;
					};
					C4AF46142049BE1600B9093F = {
						CreatedOnToolsVersion = 9.1;
						ProvisioningStyle = Automatic;
						TestTargetID = C4AF45F52049BE1500B9093F;
					};
				};
			};
			buildConfigurationList = C4AF45F12049BE1500B9093F /* Build configuration list for PBXProject "Personal Assistant" */;
			compatibilityVersion = "Xcode 8.0";
			developmentRegion = en;
			hasScannedForEncodings = 0;
			knownRegions = (
				en,
				Base,
			);
			mainGroup = C4AF45ED2049BE1500B9093F;
			productRefGroup = C4AF45F72049BE1500B9093F /* Products */;
			projectDirPath = "";
			projectRoot = "";
			targets = (
				C4AF45F52049BE1500B9093F /* Personal Assistant */,
				C4AF46092049BE1600B9093F /* Personal AssistantTests */,
				C4AF46142049BE1600B9093F /* Personal AssistantUITests */,
				C4270B5B209A4866009DC4DB /* Personal-Assistant-Watch */,
				C4270B67209A4866009DC4DB /* Personal-Assistant-Watch Extension */,
			);
		};
/* End PBXProject section */

/* Begin PBXResourcesBuildPhase section */
		C4270B5A209A4866009DC4DB /* Resources */ = {
			isa = PBXResourcesBuildPhase;
			buildActionMask = 2147483647;
			files = (
				C4270B62209A4866009DC4DB /* Assets.xcassets in Resources */,
				C4270B60209A4866009DC4DB /* Interface.storyboard in Resources */,
				EDCE033A20A1EF8700DD7F91 /* GoogleService-Info.plist in Resources */,
			);
			runOnlyForDeploymentPostprocessing = 0;
		};
		C4270B66209A4866009DC4DB /* Resources */ = {
			isa = PBXResourcesBuildPhase;
			buildActionMask = 2147483647;
			files = (
				C4270B74209A4866009DC4DB /* Assets.xcassets in Resources */,
				EDCE033B20A1EF8700DD7F91 /* GoogleService-Info.plist in Resources */,
			);
			runOnlyForDeploymentPostprocessing = 0;
		};
		C4AF45F42049BE1500B9093F /* Resources */ = {
			isa = PBXResourcesBuildPhase;
			buildActionMask = 2147483647;
			files = (
				C4AF46042049BE1600B9093F /* LaunchScreen.storyboard in Resources */,
				EDCE033920A1EF8700DD7F91 /* GoogleService-Info.plist in Resources */,
				C4AF46012049BE1600B9093F /* Assets.xcassets in Resources */,
				C4AF45FF2049BE1600B9093F /* Main.storyboard in Resources */,
			);
			runOnlyForDeploymentPostprocessing = 0;
		};
		C4AF46082049BE1600B9093F /* Resources */ = {
			isa = PBXResourcesBuildPhase;
			buildActionMask = 2147483647;
			files = (
			);
			runOnlyForDeploymentPostprocessing = 0;
		};
		C4AF46132049BE1600B9093F /* Resources */ = {
			isa = PBXResourcesBuildPhase;
			buildActionMask = 2147483647;
			files = (
			);
			runOnlyForDeploymentPostprocessing = 0;
		};
/* End PBXResourcesBuildPhase section */

/* Begin PBXShellScriptBuildPhase section */
		39686FF75E9416D399B3EEF5 /* [CP] Embed Pods Frameworks */ = {
			isa = PBXShellScriptBuildPhase;
			buildActionMask = 2147483647;
			files = (
			);
			inputPaths = (
				"${SRCROOT}/Pods/Target Support Files/Pods-Personal Assistant/Pods-Personal Assistant-frameworks.sh",
				"${BUILT_PRODUCTS_DIR}/ApiAI/ApiAI.framework",
				"${BUILT_PRODUCTS_DIR}/GTMSessionFetcher/GTMSessionFetcher.framework",
				"${BUILT_PRODUCTS_DIR}/GoogleToolboxForMac/GoogleToolboxForMac.framework",
				"${BUILT_PRODUCTS_DIR}/Protobuf/Protobuf.framework",
				"${BUILT_PRODUCTS_DIR}/SwiftyJSON/SwiftyJSON.framework",
				"${BUILT_PRODUCTS_DIR}/leveldb-library/leveldb.framework",
				"${BUILT_PRODUCTS_DIR}/nanopb/nanopb.framework",
			);
			name = "[CP] Embed Pods Frameworks";
			outputPaths = (
				"${TARGET_BUILD_DIR}/${FRAMEWORKS_FOLDER_PATH}/ApiAI.framework",
				"${TARGET_BUILD_DIR}/${FRAMEWORKS_FOLDER_PATH}/GTMSessionFetcher.framework",
				"${TARGET_BUILD_DIR}/${FRAMEWORKS_FOLDER_PATH}/GoogleToolboxForMac.framework",
				"${TARGET_BUILD_DIR}/${FRAMEWORKS_FOLDER_PATH}/Protobuf.framework",
				"${TARGET_BUILD_DIR}/${FRAMEWORKS_FOLDER_PATH}/SwiftyJSON.framework",
				"${TARGET_BUILD_DIR}/${FRAMEWORKS_FOLDER_PATH}/leveldb.framework",
				"${TARGET_BUILD_DIR}/${FRAMEWORKS_FOLDER_PATH}/nanopb.framework",
			);
			runOnlyForDeploymentPostprocessing = 0;
			shellPath = /bin/sh;
			shellScript = "\"${SRCROOT}/Pods/Target Support Files/Pods-Personal Assistant/Pods-Personal Assistant-frameworks.sh\"\n";
			showEnvVarsInLog = 0;
		};
		3C4BE323F3FBA076E4066E2D /* [CP] Check Pods Manifest.lock */ = {
			isa = PBXShellScriptBuildPhase;
			buildActionMask = 2147483647;
			files = (
			);
			inputPaths = (
				"${PODS_PODFILE_DIR_PATH}/Podfile.lock",
				"${PODS_ROOT}/Manifest.lock",
			);
			name = "[CP] Check Pods Manifest.lock";
			outputPaths = (
				"$(DERIVED_FILE_DIR)/Pods-Personal AssistantTests-checkManifestLockResult.txt",
			);
			runOnlyForDeploymentPostprocessing = 0;
			shellPath = /bin/sh;
			shellScript = "diff \"${PODS_PODFILE_DIR_PATH}/Podfile.lock\" \"${PODS_ROOT}/Manifest.lock\" > /dev/null\nif [ $? != 0 ] ; then\n    # print error to STDERR\n    echo \"error: The sandbox is not in sync with the Podfile.lock. Run 'pod install' or update your CocoaPods installation.\" >&2\n    exit 1\nfi\n# This output is used by Xcode 'outputs' to avoid re-running this script phase.\necho \"SUCCESS\" > \"${SCRIPT_OUTPUT_FILE_0}\"\n";
			showEnvVarsInLog = 0;
		};
		5DC2560FFCCAB0205936ED3C /* [CP] Copy Pods Resources */ = {
			isa = PBXShellScriptBuildPhase;
			buildActionMask = 2147483647;
			files = (
			);
			inputPaths = (
			);
			name = "[CP] Copy Pods Resources";
			outputPaths = (
			);
			runOnlyForDeploymentPostprocessing = 0;
			shellPath = /bin/sh;
			shellScript = "\"${SRCROOT}/Pods/Target Support Files/Pods-Personal AssistantTests/Pods-Personal AssistantTests-resources.sh\"\n";
			showEnvVarsInLog = 0;
		};
		7283B91E7F49DC71B7C88F47 /* [CP] Check Pods Manifest.lock */ = {
			isa = PBXShellScriptBuildPhase;
			buildActionMask = 2147483647;
			files = (
			);
			inputPaths = (
				"${PODS_PODFILE_DIR_PATH}/Podfile.lock",
				"${PODS_ROOT}/Manifest.lock",
			);
			name = "[CP] Check Pods Manifest.lock";
			outputPaths = (
				"$(DERIVED_FILE_DIR)/Pods-Personal Assistant-checkManifestLockResult.txt",
			);
			runOnlyForDeploymentPostprocessing = 0;
			shellPath = /bin/sh;
			shellScript = "diff \"${PODS_PODFILE_DIR_PATH}/Podfile.lock\" \"${PODS_ROOT}/Manifest.lock\" > /dev/null\nif [ $? != 0 ] ; then\n    # print error to STDERR\n    echo \"error: The sandbox is not in sync with the Podfile.lock. Run 'pod install' or update your CocoaPods installation.\" >&2\n    exit 1\nfi\n# This output is used by Xcode 'outputs' to avoid re-running this script phase.\necho \"SUCCESS\" > \"${SCRIPT_OUTPUT_FILE_0}\"\n";
			showEnvVarsInLog = 0;
		};
		75BBF6A183817FC1542A4C23 /* [CP] Check Pods Manifest.lock */ = {
			isa = PBXShellScriptBuildPhase;
			buildActionMask = 2147483647;
			files = (
			);
			inputPaths = (
				"${PODS_PODFILE_DIR_PATH}/Podfile.lock",
				"${PODS_ROOT}/Manifest.lock",
			);
			name = "[CP] Check Pods Manifest.lock";
			outputPaths = (
				"$(DERIVED_FILE_DIR)/Pods-Personal AssistantUITests-checkManifestLockResult.txt",
			);
			runOnlyForDeploymentPostprocessing = 0;
			shellPath = /bin/sh;
			shellScript = "diff \"${PODS_PODFILE_DIR_PATH}/Podfile.lock\" \"${PODS_ROOT}/Manifest.lock\" > /dev/null\nif [ $? != 0 ] ; then\n    # print error to STDERR\n    echo \"error: The sandbox is not in sync with the Podfile.lock. Run 'pod install' or update your CocoaPods installation.\" >&2\n    exit 1\nfi\n# This output is used by Xcode 'outputs' to avoid re-running this script phase.\necho \"SUCCESS\" > \"${SCRIPT_OUTPUT_FILE_0}\"\n";
			showEnvVarsInLog = 0;
		};
		7CD5D02AE1BABDF7A2A90F8D /* [CP] Copy Pods Resources */ = {
			isa = PBXShellScriptBuildPhase;
			buildActionMask = 2147483647;
			files = (
			);
			inputPaths = (
			);
			name = "[CP] Copy Pods Resources";
			outputPaths = (
			);
			runOnlyForDeploymentPostprocessing = 0;
			shellPath = /bin/sh;
			shellScript = "\"${SRCROOT}/Pods/Target Support Files/Pods-Personal AssistantUITests/Pods-Personal AssistantUITests-resources.sh\"\n";
			showEnvVarsInLog = 0;
		};
		7E5FC493F8711D6B8CE78D85 /* [CP] Embed Pods Frameworks */ = {
			isa = PBXShellScriptBuildPhase;
			buildActionMask = 2147483647;
			files = (
			);
			inputPaths = (
			);
			name = "[CP] Embed Pods Frameworks";
			outputPaths = (
			);
			runOnlyForDeploymentPostprocessing = 0;
			shellPath = /bin/sh;
			shellScript = "\"${SRCROOT}/Pods/Target Support Files/Pods-Personal AssistantUITests/Pods-Personal AssistantUITests-frameworks.sh\"\n";
			showEnvVarsInLog = 0;
		};
		D6BC7F25B7220DEB2069ABF7 /* [CP] Embed Pods Frameworks */ = {
			isa = PBXShellScriptBuildPhase;
			buildActionMask = 2147483647;
			files = (
			);
			inputPaths = (
			);
			name = "[CP] Embed Pods Frameworks";
			outputPaths = (
			);
			runOnlyForDeploymentPostprocessing = 0;
			shellPath = /bin/sh;
			shellScript = "\"${SRCROOT}/Pods/Target Support Files/Pods-Personal AssistantTests/Pods-Personal AssistantTests-frameworks.sh\"\n";
			showEnvVarsInLog = 0;
		};
		E9892A56AA60F58DAD953DED /* [CP] Copy Pods Resources */ = {
			isa = PBXShellScriptBuildPhase;
			buildActionMask = 2147483647;
			files = (
			);
			inputPaths = (
			);
			name = "[CP] Copy Pods Resources";
			outputPaths = (
			);
			runOnlyForDeploymentPostprocessing = 0;
			shellPath = /bin/sh;
			shellScript = "\"${SRCROOT}/Pods/Target Support Files/Pods-Personal Assistant/Pods-Personal Assistant-resources.sh\"\n";
			showEnvVarsInLog = 0;
		};
/* End PBXShellScriptBuildPhase section */

/* Begin PBXSourcesBuildPhase section */
		C4270B64209A4866009DC4DB /* Sources */ = {
			isa = PBXSourcesBuildPhase;
			buildActionMask = 2147483647;
			files = (
				EDCE03A920A486E100DD7F91 /* Weather_IC.swift in Sources */,
				C4270B70209A4866009DC4DB /* ExtensionDelegate.swift in Sources */,
				EDCE03A720A4845800DD7F91 /* WeatherRowController.swift in Sources */,
				C4270B6E209A4866009DC4DB /* InterfaceController.swift in Sources */,
			);
			runOnlyForDeploymentPostprocessing = 0;
		};
		C4AF45F22049BE1500B9093F /* Sources */ = {
			isa = PBXSourcesBuildPhase;
			buildActionMask = 2147483647;
			files = (
				C481A5C7209A424E004DEFA5 /* watchcontact.swift in Sources */,
				C481A5C5209A0D34004DEFA5 /* Listdata.swift in Sources */,
				C4DABCD2208FA42500ED146C /* Servercalls.swift in Sources */,
				C4CAD9592049E3A7007CC517 /* AlertController.swift in Sources */,
				C42BF3422097664300E02910 /* WeatherTableViewCell.swift in Sources */,
				C4AF462A2049C05E00B9093F /* Login.swift in Sources */,
				C4AF462E2049C2F700B9093F /* HomePage.swift in Sources */,
				C481A5C32099FBE7004DEFA5 /* Make_a_list.swift in Sources */,
				C4AF45FA2049BE1500B9093F /* AppDelegate.swift in Sources */,
				C45426E0208781550052B531 /* Youtube.swift in Sources */,
				C4DABCD0208F780700ED146C /* Search.swift in Sources */,
				C4254B062084E4E500807AF4 /* Map.swift in Sources */,
				C4764E4720921C120000E8E3 /* CustomCellTableViewCell.swift in Sources */,
				C4254B04207E97F500807AF4 /* Weather.swift in Sources */,
			);
			runOnlyForDeploymentPostprocessing = 0;
		};
		C4AF46062049BE1600B9093F /* Sources */ = {
			isa = PBXSourcesBuildPhase;
			buildActionMask = 2147483647;
			files = (
				C4AF460F2049BE1600B9093F /* Personal_AssistantTests.swift in Sources */,
			);
			runOnlyForDeploymentPostprocessing = 0;
		};
		C4AF46112049BE1600B9093F /* Sources */ = {
			isa = PBXSourcesBuildPhase;
			buildActionMask = 2147483647;
			files = (
				C4AF461A2049BE1600B9093F /* Personal_AssistantUITests.swift in Sources */,
			);
			runOnlyForDeploymentPostprocessing = 0;
		};
/* End PBXSourcesBuildPhase section */

/* Begin PBXTargetDependency section */
		C4270B6B209A4866009DC4DB /* PBXTargetDependency */ = {
			isa = PBXTargetDependency;
			target = C4270B67209A4866009DC4DB /* Personal-Assistant-Watch Extension */;
			targetProxy = C4270B6A209A4866009DC4DB /* PBXContainerItemProxy */;
		};
		C4270B78209A4866009DC4DB /* PBXTargetDependency */ = {
			isa = PBXTargetDependency;
			target = C4270B5B209A4866009DC4DB /* Personal-Assistant-Watch */;
			targetProxy = C4270B77209A4866009DC4DB /* PBXContainerItemProxy */;
		};
		C4AF460C2049BE1600B9093F /* PBXTargetDependency */ = {
			isa = PBXTargetDependency;
			target = C4AF45F52049BE1500B9093F /* Personal Assistant */;
			targetProxy = C4AF460B2049BE1600B9093F /* PBXContainerItemProxy */;
		};
		C4AF46172049BE1600B9093F /* PBXTargetDependency */ = {
			isa = PBXTargetDependency;
			target = C4AF45F52049BE1500B9093F /* Personal Assistant */;
			targetProxy = C4AF46162049BE1600B9093F /* PBXContainerItemProxy */;
		};
/* End PBXTargetDependency section */

/* Begin PBXVariantGroup section */
		C4270B5E209A4866009DC4DB /* Interface.storyboard */ = {
			isa = PBXVariantGroup;
			children = (
				C4270B5F209A4866009DC4DB /* Base */,
			);
			name = Interface.storyboard;
			sourceTree = "<group>";
		};
		C4AF45FD2049BE1600B9093F /* Main.storyboard */ = {
			isa = PBXVariantGroup;
			children = (
				C4AF45FE2049BE1600B9093F /* Base */,
			);
			name = Main.storyboard;
			sourceTree = "<group>";
		};
		C4AF46022049BE1600B9093F /* LaunchScreen.storyboard */ = {
			isa = PBXVariantGroup;
			children = (
				C4AF46032049BE1600B9093F /* Base */,
			);
			name = LaunchScreen.storyboard;
			sourceTree = "<group>";
		};
/* End PBXVariantGroup section */

/* Begin XCBuildConfiguration section */
		C4270B7B209A4866009DC4DB /* Debug */ = {
			isa = XCBuildConfiguration;
			buildSettings = {
				ASSETCATALOG_COMPILER_COMPLICATION_NAME = Complication;
				CODE_SIGN_STYLE = Automatic;
				INFOPLIST_FILE = "Personal-Assistant-Watch Extension/Info.plist";
				LD_RUNPATH_SEARCH_PATHS = "$(inherited) @executable_path/Frameworks @executable_path/../../Frameworks";
				PRODUCT_BUNDLE_IDENTIFIER = "PA-Personal-Assistant.Personal-Assistant.watchkitapp.watchkitextension";
				PRODUCT_NAME = "${TARGET_NAME}";
				SDKROOT = watchos;
				SKIP_INSTALL = YES;
				SWIFT_VERSION = 4.0;
				TARGETED_DEVICE_FAMILY = 4;
				WATCHOS_DEPLOYMENT_TARGET = 4.2;
			};
			name = Debug;
		};
		C4270B7C209A4866009DC4DB /* Release */ = {
			isa = XCBuildConfiguration;
			buildSettings = {
				ASSETCATALOG_COMPILER_COMPLICATION_NAME = Complication;
				CODE_SIGN_STYLE = Automatic;
				INFOPLIST_FILE = "Personal-Assistant-Watch Extension/Info.plist";
				LD_RUNPATH_SEARCH_PATHS = "$(inherited) @executable_path/Frameworks @executable_path/../../Frameworks";
				PRODUCT_BUNDLE_IDENTIFIER = "PA-Personal-Assistant.Personal-Assistant.watchkitapp.watchkitextension";
				PRODUCT_NAME = "${TARGET_NAME}";
				SDKROOT = watchos;
				SKIP_INSTALL = YES;
				SWIFT_VERSION = 4.0;
				TARGETED_DEVICE_FAMILY = 4;
				WATCHOS_DEPLOYMENT_TARGET = 4.2;
			};
			name = Release;
		};
		C4270B7F209A4866009DC4DB /* Debug */ = {
			isa = XCBuildConfiguration;
			buildSettings = {
				ALWAYS_EMBED_SWIFT_STANDARD_LIBRARIES = YES;
				ASSETCATALOG_COMPILER_APPICON_NAME = AppIcon;
				CODE_SIGN_STYLE = Automatic;
				IBSC_MODULE = Personal_Assistant_Watch_Extension;
				INFOPLIST_FILE = "Personal-Assistant-Watch/Info.plist";
				PRODUCT_BUNDLE_IDENTIFIER = "PA-Personal-Assistant.Personal-Assistant.watchkitapp";
				PRODUCT_NAME = "$(TARGET_NAME)";
				SDKROOT = watchos;
				SKIP_INSTALL = YES;
				SWIFT_VERSION = 4.0;
				TARGETED_DEVICE_FAMILY = 4;
				WATCHOS_DEPLOYMENT_TARGET = 4.2;
			};
			name = Debug;
		};
		C4270B80209A4866009DC4DB /* Release */ = {
			isa = XCBuildConfiguration;
			buildSettings = {
				ALWAYS_EMBED_SWIFT_STANDARD_LIBRARIES = YES;
				ASSETCATALOG_COMPILER_APPICON_NAME = AppIcon;
				CODE_SIGN_STYLE = Automatic;
				IBSC_MODULE = Personal_Assistant_Watch_Extension;
				INFOPLIST_FILE = "Personal-Assistant-Watch/Info.plist";
				PRODUCT_BUNDLE_IDENTIFIER = "PA-Personal-Assistant.Personal-Assistant.watchkitapp";
				PRODUCT_NAME = "$(TARGET_NAME)";
				SDKROOT = watchos;
				SKIP_INSTALL = YES;
				SWIFT_VERSION = 4.0;
				TARGETED_DEVICE_FAMILY = 4;
				WATCHOS_DEPLOYMENT_TARGET = 4.2;
			};
			name = Release;
		};
		C4AF461C2049BE1600B9093F /* Debug */ = {
			isa = XCBuildConfiguration;
			buildSettings = {
				ALWAYS_SEARCH_USER_PATHS = NO;
				CLANG_ANALYZER_NONNULL = YES;
				CLANG_ANALYZER_NUMBER_OBJECT_CONVERSION = YES_AGGRESSIVE;
				CLANG_CXX_LANGUAGE_STANDARD = "gnu++14";
				CLANG_CXX_LIBRARY = "libc++";
				CLANG_ENABLE_MODULES = YES;
				CLANG_ENABLE_OBJC_ARC = YES;
				CLANG_WARN_BLOCK_CAPTURE_AUTORELEASING = YES;
				CLANG_WARN_BOOL_CONVERSION = YES;
				CLANG_WARN_COMMA = YES;
				CLANG_WARN_CONSTANT_CONVERSION = YES;
				CLANG_WARN_DIRECT_OBJC_ISA_USAGE = YES_ERROR;
				CLANG_WARN_DOCUMENTATION_COMMENTS = YES;
				CLANG_WARN_EMPTY_BODY = YES;
				CLANG_WARN_ENUM_CONVERSION = YES;
				CLANG_WARN_INFINITE_RECURSION = YES;
				CLANG_WARN_INT_CONVERSION = YES;
				CLANG_WARN_NON_LITERAL_NULL_CONVERSION = YES;
				CLANG_WARN_OBJC_LITERAL_CONVERSION = YES;
				CLANG_WARN_OBJC_ROOT_CLASS = YES_ERROR;
				CLANG_WARN_RANGE_LOOP_ANALYSIS = YES;
				CLANG_WARN_STRICT_PROTOTYPES = YES;
				CLANG_WARN_SUSPICIOUS_MOVE = YES;
				CLANG_WARN_UNGUARDED_AVAILABILITY = YES_AGGRESSIVE;
				CLANG_WARN_UNREACHABLE_CODE = YES;
				CLANG_WARN__DUPLICATE_METHOD_MATCH = YES;
				CODE_SIGN_IDENTITY = "iPhone Developer";
				COPY_PHASE_STRIP = NO;
				DEBUG_INFORMATION_FORMAT = dwarf;
				ENABLE_STRICT_OBJC_MSGSEND = YES;
				ENABLE_TESTABILITY = YES;
				GCC_C_LANGUAGE_STANDARD = gnu11;
				GCC_DYNAMIC_NO_PIC = NO;
				GCC_NO_COMMON_BLOCKS = YES;
				GCC_OPTIMIZATION_LEVEL = 0;
				GCC_PREPROCESSOR_DEFINITIONS = (
					"DEBUG=1",
					"$(inherited)",
				);
				GCC_WARN_64_TO_32_BIT_CONVERSION = YES;
				GCC_WARN_ABOUT_RETURN_TYPE = YES_ERROR;
				GCC_WARN_UNDECLARED_SELECTOR = YES;
				GCC_WARN_UNINITIALIZED_AUTOS = YES_AGGRESSIVE;
				GCC_WARN_UNUSED_FUNCTION = YES;
				GCC_WARN_UNUSED_VARIABLE = YES;
				IPHONEOS_DEPLOYMENT_TARGET = 11.1;
				MTL_ENABLE_DEBUG_INFO = YES;
				ONLY_ACTIVE_ARCH = YES;
				SDKROOT = iphoneos;
				SWIFT_ACTIVE_COMPILATION_CONDITIONS = DEBUG;
				SWIFT_OPTIMIZATION_LEVEL = "-Onone";
			};
			name = Debug;
		};
		C4AF461D2049BE1600B9093F /* Release */ = {
			isa = XCBuildConfiguration;
			buildSettings = {
				ALWAYS_SEARCH_USER_PATHS = NO;
				CLANG_ANALYZER_NONNULL = YES;
				CLANG_ANALYZER_NUMBER_OBJECT_CONVERSION = YES_AGGRESSIVE;
				CLANG_CXX_LANGUAGE_STANDARD = "gnu++14";
				CLANG_CXX_LIBRARY = "libc++";
				CLANG_ENABLE_MODULES = YES;
				CLANG_ENABLE_OBJC_ARC = YES;
				CLANG_WARN_BLOCK_CAPTURE_AUTORELEASING = YES;
				CLANG_WARN_BOOL_CONVERSION = YES;
				CLANG_WARN_COMMA = YES;
				CLANG_WARN_CONSTANT_CONVERSION = YES;
				CLANG_WARN_DIRECT_OBJC_ISA_USAGE = YES_ERROR;
				CLANG_WARN_DOCUMENTATION_COMMENTS = YES;
				CLANG_WARN_EMPTY_BODY = YES;
				CLANG_WARN_ENUM_CONVERSION = YES;
				CLANG_WARN_INFINITE_RECURSION = YES;
				CLANG_WARN_INT_CONVERSION = YES;
				CLANG_WARN_NON_LITERAL_NULL_CONVERSION = YES;
				CLANG_WARN_OBJC_LITERAL_CONVERSION = YES;
				CLANG_WARN_OBJC_ROOT_CLASS = YES_ERROR;
				CLANG_WARN_RANGE_LOOP_ANALYSIS = YES;
				CLANG_WARN_STRICT_PROTOTYPES = YES;
				CLANG_WARN_SUSPICIOUS_MOVE = YES;
				CLANG_WARN_UNGUARDED_AVAILABILITY = YES_AGGRESSIVE;
				CLANG_WARN_UNREACHABLE_CODE = YES;
				CLANG_WARN__DUPLICATE_METHOD_MATCH = YES;
				CODE_SIGN_IDENTITY = "iPhone Developer";
				COPY_PHASE_STRIP = NO;
				DEBUG_INFORMATION_FORMAT = "dwarf-with-dsym";
				ENABLE_NS_ASSERTIONS = NO;
				ENABLE_STRICT_OBJC_MSGSEND = YES;
				GCC_C_LANGUAGE_STANDARD = gnu11;
				GCC_NO_COMMON_BLOCKS = YES;
				GCC_WARN_64_TO_32_BIT_CONVERSION = YES;
				GCC_WARN_ABOUT_RETURN_TYPE = YES_ERROR;
				GCC_WARN_UNDECLARED_SELECTOR = YES;
				GCC_WARN_UNINITIALIZED_AUTOS = YES_AGGRESSIVE;
				GCC_WARN_UNUSED_FUNCTION = YES;
				GCC_WARN_UNUSED_VARIABLE = YES;
				IPHONEOS_DEPLOYMENT_TARGET = 11.1;
				MTL_ENABLE_DEBUG_INFO = NO;
				SDKROOT = iphoneos;
				SWIFT_OPTIMIZATION_LEVEL = "-Owholemodule";
				VALIDATE_PRODUCT = YES;
			};
			name = Release;
		};
		C4AF461F2049BE1600B9093F /* Debug */ = {
			isa = XCBuildConfiguration;
			baseConfigurationReference = F238866AC6DDCC665FA8BA8A /* Pods-Personal Assistant.debug.xcconfig */;
			buildSettings = {
				ASSETCATALOG_COMPILER_APPICON_NAME = AppIcon;
				CODE_SIGN_STYLE = Manual;
				DEVELOPMENT_TEAM = "";
				INFOPLIST_FILE = "Personal Assistant/Info.plist";
				LD_RUNPATH_SEARCH_PATHS = "$(inherited) @executable_path/Frameworks";
				PRODUCT_BUNDLE_IDENTIFIER = "PA-Personal-Assistant.Personal-Assistant";
				PRODUCT_NAME = "$(TARGET_NAME)";
				PROVISIONING_PROFILE_SPECIFIER = "";
				SWIFT_VERSION = 4.0;
				TARGETED_DEVICE_FAMILY = "1,2";
			};
			name = Debug;
		};
		C4AF46202049BE1600B9093F /* Release */ = {
			isa = XCBuildConfiguration;
			baseConfigurationReference = 4265F3FD9592ABED40CDD1D6 /* Pods-Personal Assistant.release.xcconfig */;
			buildSettings = {
				ASSETCATALOG_COMPILER_APPICON_NAME = AppIcon;
				CODE_SIGN_STYLE = Manual;
				DEVELOPMENT_TEAM = "";
				INFOPLIST_FILE = "Personal Assistant/Info.plist";
				LD_RUNPATH_SEARCH_PATHS = "$(inherited) @executable_path/Frameworks";
				PRODUCT_BUNDLE_IDENTIFIER = "PA-Personal-Assistant.Personal-Assistant";
				PRODUCT_NAME = "$(TARGET_NAME)";
				PROVISIONING_PROFILE_SPECIFIER = "";
				SWIFT_VERSION = 4.0;
				TARGETED_DEVICE_FAMILY = "1,2";
			};
			name = Release;
		};
		C4AF46222049BE1600B9093F /* Debug */ = {
			isa = XCBuildConfiguration;
			baseConfigurationReference = 2F3F1351A420488E4162FB6A /* Pods-Personal AssistantTests.debug.xcconfig */;
			buildSettings = {
				ALWAYS_EMBED_SWIFT_STANDARD_LIBRARIES = YES;
				BUNDLE_LOADER = "$(TEST_HOST)";
				CODE_SIGN_STYLE = Automatic;
				INFOPLIST_FILE = "Personal AssistantTests/Info.plist";
				LD_RUNPATH_SEARCH_PATHS = "$(inherited) @executable_path/Frameworks @loader_path/Frameworks";
				PRODUCT_BUNDLE_IDENTIFIER = "PA-Personal-Assistant.Personal-AssistantTests";
				PRODUCT_NAME = "$(TARGET_NAME)";
				SWIFT_VERSION = 4.0;
				TARGETED_DEVICE_FAMILY = "1,2";
				TEST_HOST = "$(BUILT_PRODUCTS_DIR)/Personal Assistant.app/Personal Assistant";
			};
			name = Debug;
		};
		C4AF46232049BE1600B9093F /* Release */ = {
			isa = XCBuildConfiguration;
			baseConfigurationReference = C63BBCC3F0C93F0639D91A7D /* Pods-Personal AssistantTests.release.xcconfig */;
			buildSettings = {
				ALWAYS_EMBED_SWIFT_STANDARD_LIBRARIES = YES;
				BUNDLE_LOADER = "$(TEST_HOST)";
				CODE_SIGN_STYLE = Automatic;
				INFOPLIST_FILE = "Personal AssistantTests/Info.plist";
				LD_RUNPATH_SEARCH_PATHS = "$(inherited) @executable_path/Frameworks @loader_path/Frameworks";
				PRODUCT_BUNDLE_IDENTIFIER = "PA-Personal-Assistant.Personal-AssistantTests";
				PRODUCT_NAME = "$(TARGET_NAME)";
				SWIFT_VERSION = 4.0;
				TARGETED_DEVICE_FAMILY = "1,2";
				TEST_HOST = "$(BUILT_PRODUCTS_DIR)/Personal Assistant.app/Personal Assistant";
			};
			name = Release;
		};
		C4AF46252049BE1600B9093F /* Debug */ = {
			isa = XCBuildConfiguration;
			baseConfigurationReference = 966DD512BBEAF57EF1CDCF60 /* Pods-Personal AssistantUITests.debug.xcconfig */;
			buildSettings = {
				ALWAYS_EMBED_SWIFT_STANDARD_LIBRARIES = YES;
				CODE_SIGN_STYLE = Automatic;
				INFOPLIST_FILE = "Personal AssistantUITests/Info.plist";
				LD_RUNPATH_SEARCH_PATHS = "$(inherited) @executable_path/Frameworks @loader_path/Frameworks";
				PRODUCT_BUNDLE_IDENTIFIER = "PA-Personal-Assistant.Personal-AssistantUITests";
				PRODUCT_NAME = "$(TARGET_NAME)";
				SWIFT_VERSION = 4.0;
				TARGETED_DEVICE_FAMILY = "1,2";
				TEST_TARGET_NAME = "Personal Assistant";
			};
			name = Debug;
		};
		C4AF46262049BE1600B9093F /* Release */ = {
			isa = XCBuildConfiguration;
			baseConfigurationReference = 9828BEE8EEBF92043151B30A /* Pods-Personal AssistantUITests.release.xcconfig */;
			buildSettings = {
				ALWAYS_EMBED_SWIFT_STANDARD_LIBRARIES = YES;
				CODE_SIGN_STYLE = Automatic;
				INFOPLIST_FILE = "Personal AssistantUITests/Info.plist";
				LD_RUNPATH_SEARCH_PATHS = "$(inherited) @executable_path/Frameworks @loader_path/Frameworks";
				PRODUCT_BUNDLE_IDENTIFIER = "PA-Personal-Assistant.Personal-AssistantUITests";
				PRODUCT_NAME = "$(TARGET_NAME)";
				SWIFT_VERSION = 4.0;
				TARGETED_DEVICE_FAMILY = "1,2";
				TEST_TARGET_NAME = "Personal Assistant";
			};
			name = Release;
		};
/* End XCBuildConfiguration section */

/* Begin XCConfigurationList section */
		C4270B7A209A4866009DC4DB /* Build configuration list for PBXNativeTarget "Personal-Assistant-Watch Extension" */ = {
			isa = XCConfigurationList;
			buildConfigurations = (
				C4270B7B209A4866009DC4DB /* Debug */,
				C4270B7C209A4866009DC4DB /* Release */,
			);
			defaultConfigurationIsVisible = 0;
			defaultConfigurationName = Release;
		};
		C4270B7E209A4866009DC4DB /* Build configuration list for PBXNativeTarget "Personal-Assistant-Watch" */ = {
			isa = XCConfigurationList;
			buildConfigurations = (
				C4270B7F209A4866009DC4DB /* Debug */,
				C4270B80209A4866009DC4DB /* Release */,
			);
			defaultConfigurationIsVisible = 0;
			defaultConfigurationName = Release;
		};
		C4AF45F12049BE1500B9093F /* Build configuration list for PBXProject "Personal Assistant" */ = {
			isa = XCConfigurationList;
			buildConfigurations = (
				C4AF461C2049BE1600B9093F /* Debug */,
				C4AF461D2049BE1600B9093F /* Release */,
			);
			defaultConfigurationIsVisible = 0;
			defaultConfigurationName = Release;
		};
		C4AF461E2049BE1600B9093F /* Build configuration list for PBXNativeTarget "Personal Assistant" */ = {
			isa = XCConfigurationList;
			buildConfigurations = (
				C4AF461F2049BE1600B9093F /* Debug */,
				C4AF46202049BE1600B9093F /* Release */,
			);
			defaultConfigurationIsVisible = 0;
			defaultConfigurationName = Release;
		};
		C4AF46212049BE1600B9093F /* Build configuration list for PBXNativeTarget "Personal AssistantTests" */ = {
			isa = XCConfigurationList;
			buildConfigurations = (
				C4AF46222049BE1600B9093F /* Debug */,
				C4AF46232049BE1600B9093F /* Release */,
			);
			defaultConfigurationIsVisible = 0;
			defaultConfigurationName = Release;
		};
		C4AF46242049BE1600B9093F /* Build configuration list for PBXNativeTarget "Personal AssistantUITests" */ = {
			isa = XCConfigurationList;
			buildConfigurations = (
				C4AF46252049BE1600B9093F /* Debug */,
				C4AF46262049BE1600B9093F /* Release */,
			);
			defaultConfigurationIsVisible = 0;
			defaultConfigurationName = Release;
		};
/* End XCConfigurationList section */
	};
	rootObject = C4AF45EE2049BE1500B9093F /* Project object */;
}
